// !$*UTF8*$!
{
	archiveVersion = 1;
	classes = {
	};
	objectVersion = 50;
	objects = {

/* Begin PBXBuildFile section */
		6B492B6326E064CF00E067B0 /* CombineView.swift in Sources */ = {isa = PBXBuildFile; fileRef = 6B492B6226E064CF00E067B0 /* CombineView.swift */; };
		6B492B6726E068D500E067B0 /* VisualEffectBlur.swift in Sources */ = {isa = PBXBuildFile; fileRef = 6B492B6526E068D500E067B0 /* VisualEffectBlur.swift */; };
		6B492B6826E068D500E067B0 /* AccountBackground.swift in Sources */ = {isa = PBXBuildFile; fileRef = 6B492B6626E068D500E067B0 /* AccountBackground.swift */; };
		6B492B6A26E06EF700E067B0 /* TrackableScrollView.swift in Sources */ = {isa = PBXBuildFile; fileRef = 6B492B6926E06EF700E067B0 /* TrackableScrollView.swift */; };
		6B492B6C26E0757600E067B0 /* MenuRow.swift in Sources */ = {isa = PBXBuildFile; fileRef = 6B492B6B26E0757600E067B0 /* MenuRow.swift */; };
		6B492B6E26E076D800E067B0 /* GradientIcon.swift in Sources */ = {isa = PBXBuildFile; fileRef = 6B492B6D26E076D800E067B0 /* GradientIcon.swift */; };
		6B492B7026E1B32B00E067B0 /* FAQView.swift in Sources */ = {isa = PBXBuildFile; fileRef = 6B492B6F26E1B32B00E067B0 /* FAQView.swift */; };
		6B492B7226E1B34000E067B0 /* PackagesView.swift in Sources */ = {isa = PBXBuildFile; fileRef = 6B492B7126E1B34000E067B0 /* PackagesView.swift */; };
		6B492B7A26E1B93E00E067B0 /* Package.swift in Sources */ = {isa = PBXBuildFile; fileRef = 6B492B7926E1B93E00E067B0 /* Package.swift */; };
		6B492B7C26E1BB2900E067B0 /* PackageRow.swift in Sources */ = {isa = PBXBuildFile; fileRef = 6B492B7B26E1BB2900E067B0 /* PackageRow.swift */; };
		6B492B7E26E1C24D00E067B0 /* FAQ.swift in Sources */ = {isa = PBXBuildFile; fileRef = 6B492B7D26E1C24D00E067B0 /* FAQ.swift */; };
		6B492B8126E1C28900E067B0 /* faqData.json in Resources */ = {isa = PBXBuildFile; fileRef = 6B492B8026E1C28900E067B0 /* faqData.json */; };
		6B492B8326E1C31400E067B0 /* ModelData.swift in Sources */ = {isa = PBXBuildFile; fileRef = 6B492B8226E1C31400E067B0 /* ModelData.swift */; };
		6B492B8526E1C43700E067B0 /* FAQRow.swift in Sources */ = {isa = PBXBuildFile; fileRef = 6B492B8426E1C43700E067B0 /* FAQRow.swift */; };
		6B492B8826E1C7E200E067B0 /* PrimaryButton.swift in Sources */ = {isa = PBXBuildFile; fileRef = 6B492B8726E1C7E200E067B0 /* PrimaryButton.swift */; };
		6B492B8A26E1C8BF00E067B0 /* Extensions.swift in Sources */ = {isa = PBXBuildFile; fileRef = 6B492B8926E1C8BF00E067B0 /* Extensions.swift */; };
		6B492B8C26E1CF5C00E067B0 /* ProfileRow.swift in Sources */ = {isa = PBXBuildFile; fileRef = 6B492B8B26E1CF5C00E067B0 /* ProfileRow.swift */; };
		6BBB1EF626D76E2500648E87 /* SwiftUI_StudyApp.swift in Sources */ = {isa = PBXBuildFile; fileRef = 6BBB1EF526D76E2500648E87 /* SwiftUI_StudyApp.swift */; };
		6BBB1EF826D76E2500648E87 /* ContentView.swift in Sources */ = {isa = PBXBuildFile; fileRef = 6BBB1EF726D76E2500648E87 /* ContentView.swift */; };
		6BBB1EFA26D76E2500648E87 /* Assets.xcassets in Resources */ = {isa = PBXBuildFile; fileRef = 6BBB1EF926D76E2500648E87 /* Assets.xcassets */; };
		6BBB1EFD26D76E2500648E87 /* Preview Assets.xcassets in Resources */ = {isa = PBXBuildFile; fileRef = 6BBB1EFC26D76E2500648E87 /* Preview Assets.xcassets */; };
		6BBB1F0826D76E2500648E87 /* SwiftUI_StudyTests.swift in Sources */ = {isa = PBXBuildFile; fileRef = 6BBB1F0726D76E2500648E87 /* SwiftUI_StudyTests.swift */; };
		6BBB1F1326D76E2500648E87 /* SwiftUI_StudyUITests.swift in Sources */ = {isa = PBXBuildFile; fileRef = 6BBB1F1226D76E2500648E87 /* SwiftUI_StudyUITests.swift */; };
		6BBB1F2426D8709300648E87 /* MenuContentView.swift in Sources */ = {isa = PBXBuildFile; fileRef = 6BBB1F2326D8709300648E87 /* MenuContentView.swift */; };
		6BBB1F2A26D871CD00648E87 /* SwiftUIHandBook.swift in Sources */ = {isa = PBXBuildFile; fileRef = 6BBB1F2926D871CD00648E87 /* SwiftUIHandBook.swift */; };
		6BDA9E9926D8CB670065074F /* OpenSans-SemiBold.ttf in Resources */ = {isa = PBXBuildFile; fileRef = 6BDA9E8E26D8CB670065074F /* OpenSans-SemiBold.ttf */; };
		6BDA9E9A26D8CB670065074F /* OpenSans-Light.ttf in Resources */ = {isa = PBXBuildFile; fileRef = 6BDA9E8F26D8CB670065074F /* OpenSans-Light.ttf */; };
		6BDA9E9B26D8CB670065074F /* OpenSans-Italic.ttf in Resources */ = {isa = PBXBuildFile; fileRef = 6BDA9E9026D8CB670065074F /* OpenSans-Italic.ttf */; };
		6BDA9E9C26D8CB670065074F /* OpenSans-ExtraBold.ttf in Resources */ = {isa = PBXBuildFile; fileRef = 6BDA9E9126D8CB670065074F /* OpenSans-ExtraBold.ttf */; };
		6BDA9E9D26D8CB670065074F /* OpenSans-LightItalic.ttf in Resources */ = {isa = PBXBuildFile; fileRef = 6BDA9E9226D8CB670065074F /* OpenSans-LightItalic.ttf */; };
		6BDA9E9E26D8CB670065074F /* OpenSans-Bold.ttf in Resources */ = {isa = PBXBuildFile; fileRef = 6BDA9E9326D8CB670065074F /* OpenSans-Bold.ttf */; };
		6BDA9E9F26D8CB670065074F /* OpenSans-SemiBoldItalic.ttf in Resources */ = {isa = PBXBuildFile; fileRef = 6BDA9E9426D8CB670065074F /* OpenSans-SemiBoldItalic.ttf */; };
		6BDA9EA026D8CB670065074F /* OpenSans-ExtraBoldItalic.ttf in Resources */ = {isa = PBXBuildFile; fileRef = 6BDA9E9526D8CB670065074F /* OpenSans-ExtraBoldItalic.ttf */; };
		6BDA9EA126D8CB670065074F /* LICENSE.txt in Resources */ = {isa = PBXBuildFile; fileRef = 6BDA9E9626D8CB670065074F /* LICENSE.txt */; };
		6BDA9EA226D8CB670065074F /* OpenSans-Regular.ttf in Resources */ = {isa = PBXBuildFile; fileRef = 6BDA9E9726D8CB670065074F /* OpenSans-Regular.ttf */; };
		6BDA9EA326D8CB670065074F /* OpenSans-BoldItalic.ttf in Resources */ = {isa = PBXBuildFile; fileRef = 6BDA9E9826D8CB670065074F /* OpenSans-BoldItalic.ttf */; };
/* End PBXBuildFile section */

/* Begin PBXContainerItemProxy section */
		6BBB1F0426D76E2500648E87 /* PBXContainerItemProxy */ = {
			isa = PBXContainerItemProxy;
			containerPortal = 6BBB1EEA26D76E2500648E87 /* Project object */;
			proxyType = 1;
			remoteGlobalIDString = 6BBB1EF126D76E2500648E87;
			remoteInfo = SwiftUI_Study;
		};
		6BBB1F0F26D76E2500648E87 /* PBXContainerItemProxy */ = {
			isa = PBXContainerItemProxy;
			containerPortal = 6BBB1EEA26D76E2500648E87 /* Project object */;
			proxyType = 1;
			remoteGlobalIDString = 6BBB1EF126D76E2500648E87;
			remoteInfo = SwiftUI_Study;
		};
/* End PBXContainerItemProxy section */

/* Begin PBXFileReference section */
		6B492B6226E064CF00E067B0 /* CombineView.swift */ = {isa = PBXFileReference; lastKnownFileType = sourcecode.swift; path = CombineView.swift; sourceTree = "<group>"; };
		6B492B6526E068D500E067B0 /* VisualEffectBlur.swift */ = {isa = PBXFileReference; fileEncoding = 4; lastKnownFileType = sourcecode.swift; path = VisualEffectBlur.swift; sourceTree = "<group>"; };
		6B492B6626E068D500E067B0 /* AccountBackground.swift */ = {isa = PBXFileReference; fileEncoding = 4; lastKnownFileType = sourcecode.swift; path = AccountBackground.swift; sourceTree = "<group>"; };
		6B492B6926E06EF700E067B0 /* TrackableScrollView.swift */ = {isa = PBXFileReference; lastKnownFileType = sourcecode.swift; path = TrackableScrollView.swift; sourceTree = "<group>"; };
		6B492B6B26E0757600E067B0 /* MenuRow.swift */ = {isa = PBXFileReference; lastKnownFileType = sourcecode.swift; path = MenuRow.swift; sourceTree = "<group>"; };
		6B492B6D26E076D800E067B0 /* GradientIcon.swift */ = {isa = PBXFileReference; lastKnownFileType = sourcecode.swift; path = GradientIcon.swift; sourceTree = "<group>"; };
		6B492B6F26E1B32B00E067B0 /* FAQView.swift */ = {isa = PBXFileReference; lastKnownFileType = sourcecode.swift; path = FAQView.swift; sourceTree = "<group>"; };
		6B492B7126E1B34000E067B0 /* PackagesView.swift */ = {isa = PBXFileReference; lastKnownFileType = sourcecode.swift; path = PackagesView.swift; sourceTree = "<group>"; };
		6B492B7926E1B93E00E067B0 /* Package.swift */ = {isa = PBXFileReference; lastKnownFileType = sourcecode.swift; path = Package.swift; sourceTree = "<group>"; };
		6B492B7B26E1BB2900E067B0 /* PackageRow.swift */ = {isa = PBXFileReference; lastKnownFileType = sourcecode.swift; path = PackageRow.swift; sourceTree = "<group>"; };
		6B492B7D26E1C24D00E067B0 /* FAQ.swift */ = {isa = PBXFileReference; lastKnownFileType = sourcecode.swift; path = FAQ.swift; sourceTree = "<group>"; };
		6B492B8026E1C28900E067B0 /* faqData.json */ = {isa = PBXFileReference; lastKnownFileType = text.json; path = faqData.json; sourceTree = "<group>"; };
		6B492B8226E1C31400E067B0 /* ModelData.swift */ = {isa = PBXFileReference; lastKnownFileType = sourcecode.swift; path = ModelData.swift; sourceTree = "<group>"; };
		6B492B8426E1C43700E067B0 /* FAQRow.swift */ = {isa = PBXFileReference; lastKnownFileType = sourcecode.swift; path = FAQRow.swift; sourceTree = "<group>"; };
		6B492B8726E1C7E200E067B0 /* PrimaryButton.swift */ = {isa = PBXFileReference; lastKnownFileType = sourcecode.swift; path = PrimaryButton.swift; sourceTree = "<group>"; };
		6B492B8926E1C8BF00E067B0 /* Extensions.swift */ = {isa = PBXFileReference; lastKnownFileType = sourcecode.swift; path = Extensions.swift; sourceTree = "<group>"; };
		6B492B8B26E1CF5C00E067B0 /* ProfileRow.swift */ = {isa = PBXFileReference; lastKnownFileType = sourcecode.swift; path = ProfileRow.swift; sourceTree = "<group>"; };
		6BBB1EF226D76E2500648E87 /* SwiftUI_Study.app */ = {isa = PBXFileReference; explicitFileType = wrapper.application; includeInIndex = 0; path = SwiftUI_Study.app; sourceTree = BUILT_PRODUCTS_DIR; };
		6BBB1EF526D76E2500648E87 /* SwiftUI_StudyApp.swift */ = {isa = PBXFileReference; lastKnownFileType = sourcecode.swift; path = SwiftUI_StudyApp.swift; sourceTree = "<group>"; };
		6BBB1EF726D76E2500648E87 /* ContentView.swift */ = {isa = PBXFileReference; lastKnownFileType = sourcecode.swift; path = ContentView.swift; sourceTree = "<group>"; };
		6BBB1EF926D76E2500648E87 /* Assets.xcassets */ = {isa = PBXFileReference; lastKnownFileType = folder.assetcatalog; path = Assets.xcassets; sourceTree = "<group>"; };
		6BBB1EFC26D76E2500648E87 /* Preview Assets.xcassets */ = {isa = PBXFileReference; lastKnownFileType = folder.assetcatalog; path = "Preview Assets.xcassets"; sourceTree = "<group>"; };
		6BBB1EFE26D76E2500648E87 /* Info.plist */ = {isa = PBXFileReference; lastKnownFileType = text.plist.xml; path = Info.plist; sourceTree = "<group>"; };
		6BBB1F0326D76E2500648E87 /* SwiftUI_StudyTests.xctest */ = {isa = PBXFileReference; explicitFileType = wrapper.cfbundle; includeInIndex = 0; path = SwiftUI_StudyTests.xctest; sourceTree = BUILT_PRODUCTS_DIR; };
		6BBB1F0726D76E2500648E87 /* SwiftUI_StudyTests.swift */ = {isa = PBXFileReference; lastKnownFileType = sourcecode.swift; path = SwiftUI_StudyTests.swift; sourceTree = "<group>"; };
		6BBB1F0926D76E2500648E87 /* Info.plist */ = {isa = PBXFileReference; lastKnownFileType = text.plist.xml; path = Info.plist; sourceTree = "<group>"; };
		6BBB1F0E26D76E2500648E87 /* SwiftUI_StudyUITests.xctest */ = {isa = PBXFileReference; explicitFileType = wrapper.cfbundle; includeInIndex = 0; path = SwiftUI_StudyUITests.xctest; sourceTree = BUILT_PRODUCTS_DIR; };
		6BBB1F1226D76E2500648E87 /* SwiftUI_StudyUITests.swift */ = {isa = PBXFileReference; lastKnownFileType = sourcecode.swift; path = SwiftUI_StudyUITests.swift; sourceTree = "<group>"; };
		6BBB1F1426D76E2500648E87 /* Info.plist */ = {isa = PBXFileReference; lastKnownFileType = text.plist.xml; path = Info.plist; sourceTree = "<group>"; };
		6BBB1F2326D8709300648E87 /* MenuContentView.swift */ = {isa = PBXFileReference; lastKnownFileType = sourcecode.swift; path = MenuContentView.swift; sourceTree = "<group>"; };
		6BBB1F2926D871CD00648E87 /* SwiftUIHandBook.swift */ = {isa = PBXFileReference; lastKnownFileType = sourcecode.swift; path = SwiftUIHandBook.swift; sourceTree = "<group>"; };
		6BDA9E8E26D8CB670065074F /* OpenSans-SemiBold.ttf */ = {isa = PBXFileReference; lastKnownFileType = file; path = "OpenSans-SemiBold.ttf"; sourceTree = "<group>"; };
		6BDA9E8F26D8CB670065074F /* OpenSans-Light.ttf */ = {isa = PBXFileReference; lastKnownFileType = file; path = "OpenSans-Light.ttf"; sourceTree = "<group>"; };
		6BDA9E9026D8CB670065074F /* OpenSans-Italic.ttf */ = {isa = PBXFileReference; lastKnownFileType = file; path = "OpenSans-Italic.ttf"; sourceTree = "<group>"; };
		6BDA9E9126D8CB670065074F /* OpenSans-ExtraBold.ttf */ = {isa = PBXFileReference; lastKnownFileType = file; path = "OpenSans-ExtraBold.ttf"; sourceTree = "<group>"; };
		6BDA9E9226D8CB670065074F /* OpenSans-LightItalic.ttf */ = {isa = PBXFileReference; lastKnownFileType = file; path = "OpenSans-LightItalic.ttf"; sourceTree = "<group>"; };
		6BDA9E9326D8CB670065074F /* OpenSans-Bold.ttf */ = {isa = PBXFileReference; lastKnownFileType = file; path = "OpenSans-Bold.ttf"; sourceTree = "<group>"; };
		6BDA9E9426D8CB670065074F /* OpenSans-SemiBoldItalic.ttf */ = {isa = PBXFileReference; lastKnownFileType = file; path = "OpenSans-SemiBoldItalic.ttf"; sourceTree = "<group>"; };
		6BDA9E9526D8CB670065074F /* OpenSans-ExtraBoldItalic.ttf */ = {isa = PBXFileReference; lastKnownFileType = file; path = "OpenSans-ExtraBoldItalic.ttf"; sourceTree = "<group>"; };
		6BDA9E9626D8CB670065074F /* LICENSE.txt */ = {isa = PBXFileReference; fileEncoding = 4; lastKnownFileType = text; path = LICENSE.txt; sourceTree = "<group>"; };
		6BDA9E9726D8CB670065074F /* OpenSans-Regular.ttf */ = {isa = PBXFileReference; lastKnownFileType = file; path = "OpenSans-Regular.ttf"; sourceTree = "<group>"; };
		6BDA9E9826D8CB670065074F /* OpenSans-BoldItalic.ttf */ = {isa = PBXFileReference; lastKnownFileType = file; path = "OpenSans-BoldItalic.ttf"; sourceTree = "<group>"; };
/* End PBXFileReference section */

/* Begin PBXFrameworksBuildPhase section */
		6BBB1EEF26D76E2500648E87 /* Frameworks */ = {
			isa = PBXFrameworksBuildPhase;
			buildActionMask = 2147483647;
			files = (
			);
			runOnlyForDeploymentPostprocessing = 0;
		};
		6BBB1F0026D76E2500648E87 /* Frameworks */ = {
			isa = PBXFrameworksBuildPhase;
			buildActionMask = 2147483647;
			files = (
			);
			runOnlyForDeploymentPostprocessing = 0;
		};
		6BBB1F0B26D76E2500648E87 /* Frameworks */ = {
			isa = PBXFrameworksBuildPhase;
			buildActionMask = 2147483647;
			files = (
			);
			runOnlyForDeploymentPostprocessing = 0;
		};
/* End PBXFrameworksBuildPhase section */

/* Begin PBXGroup section */
		6B492B6026E064B300E067B0 /* Combine */ = {
			isa = PBXGroup;
			children = (
				6B492B6126E064BE00E067B0 /* SwiftUI Combine and Data */,
			);
			path = Combine;
			sourceTree = "<group>";
		};
		6B492B6126E064BE00E067B0 /* SwiftUI Combine and Data */ = {
			isa = PBXGroup;
			children = (
				6B492B7F26E1C27300E067B0 /* Resources */,
				6B492B7826E1B92300E067B0 /* Models */,
				6B492B7726E1B38B00E067B0 /* Components */,
				6B492B7626E1B37200E067B0 /* Utils */,
				6B492B7326E1B34D00E067B0 /* Views */,
				6B492B6426E068D500E067B0 /* Graphics */,
				6B492B6226E064CF00E067B0 /* CombineView.swift */,
			);
			path = "SwiftUI Combine and Data";
			sourceTree = "<group>";
		};
		6B492B6426E068D500E067B0 /* Graphics */ = {
			isa = PBXGroup;
			children = (
				6B492B6526E068D500E067B0 /* VisualEffectBlur.swift */,
				6B492B6626E068D500E067B0 /* AccountBackground.swift */,
			);
			path = Graphics;
			sourceTree = "<group>";
		};
		6B492B7326E1B34D00E067B0 /* Views */ = {
			isa = PBXGroup;
			children = (
				6B492B6F26E1B32B00E067B0 /* FAQView.swift */,
				6B492B7126E1B34000E067B0 /* PackagesView.swift */,
			);
			path = Views;
			sourceTree = "<group>";
		};
		6B492B7426E1B35700E067B0 /* Rows */ = {
			isa = PBXGroup;
			children = (
				6B492B6B26E0757600E067B0 /* MenuRow.swift */,
				6B492B7B26E1BB2900E067B0 /* PackageRow.swift */,
				6B492B8426E1C43700E067B0 /* FAQRow.swift */,
				6B492B8B26E1CF5C00E067B0 /* ProfileRow.swift */,
			);
			path = Rows;
			sourceTree = "<group>";
		};
		6B492B7526E1B35F00E067B0 /* Other */ = {
			isa = PBXGroup;
			children = (
				6B492B6D26E076D800E067B0 /* GradientIcon.swift */,
			);
			path = Other;
			sourceTree = "<group>";
		};
		6B492B7626E1B37200E067B0 /* Utils */ = {
			isa = PBXGroup;
			children = (
				6B492B6926E06EF700E067B0 /* TrackableScrollView.swift */,
				6B492B8226E1C31400E067B0 /* ModelData.swift */,
				6B492B8926E1C8BF00E067B0 /* Extensions.swift */,
			);
			path = Utils;
			sourceTree = "<group>";
		};
		6B492B7726E1B38B00E067B0 /* Components */ = {
			isa = PBXGroup;
			children = (
				6B492B8626E1C7D900E067B0 /* Buttons */,
				6B492B7526E1B35F00E067B0 /* Other */,
				6B492B7426E1B35700E067B0 /* Rows */,
			);
			path = Components;
			sourceTree = "<group>";
		};
		6B492B7826E1B92300E067B0 /* Models */ = {
			isa = PBXGroup;
			children = (
				6B492B7926E1B93E00E067B0 /* Package.swift */,
				6B492B7D26E1C24D00E067B0 /* FAQ.swift */,
			);
			path = Models;
			sourceTree = "<group>";
		};
		6B492B7F26E1C27300E067B0 /* Resources */ = {
			isa = PBXGroup;
			children = (
				6B492B8026E1C28900E067B0 /* faqData.json */,
			);
			path = Resources;
			sourceTree = "<group>";
		};
		6B492B8626E1C7D900E067B0 /* Buttons */ = {
			isa = PBXGroup;
			children = (
				6B492B8726E1C7E200E067B0 /* PrimaryButton.swift */,
			);
			path = Buttons;
			sourceTree = "<group>";
		};
		6BBB1EE926D76E2500648E87 = {
			isa = PBXGroup;
			children = (
				6BBB1EF426D76E2500648E87 /* SwiftUI_Study */,
				6BBB1F0626D76E2500648E87 /* SwiftUI_StudyTests */,
				6BBB1F1126D76E2500648E87 /* SwiftUI_StudyUITests */,
				6BBB1EF326D76E2500648E87 /* Products */,
			);
			sourceTree = "<group>";
		};
		6BBB1EF326D76E2500648E87 /* Products */ = {
			isa = PBXGroup;
			children = (
				6BBB1EF226D76E2500648E87 /* SwiftUI_Study.app */,
				6BBB1F0326D76E2500648E87 /* SwiftUI_StudyTests.xctest */,
				6BBB1F0E26D76E2500648E87 /* SwiftUI_StudyUITests.xctest */,
			);
			name = Products;
			sourceTree = "<group>";
		};
		6BBB1EF426D76E2500648E87 /* SwiftUI_Study */ = {
			isa = PBXGroup;
			children = (
				6BBB1F2126D8707B00648E87 /* Menu */,
				6BBB1F2826D871AA00648E87 /* Tutorials */,
				6B492B6026E064B300E067B0 /* Combine */,
				6BBB1EF526D76E2500648E87 /* SwiftUI_StudyApp.swift */,
				6BBB1EF726D76E2500648E87 /* ContentView.swift */,
				6BBB1EF926D76E2500648E87 /* Assets.xcassets */,
				6BBB1EFE26D76E2500648E87 /* Info.plist */,
				6BDA9E8C26D8CB590065074F /* Resource */,
				6BBB1EFB26D76E2500648E87 /* Preview Content */,
			);
			path = SwiftUI_Study;
			sourceTree = "<group>";
		};
		6BBB1EFB26D76E2500648E87 /* Preview Content */ = {
			isa = PBXGroup;
			children = (
				6BBB1EFC26D76E2500648E87 /* Preview Assets.xcassets */,
			);
			path = "Preview Content";
			sourceTree = "<group>";
		};
		6BBB1F0626D76E2500648E87 /* SwiftUI_StudyTests */ = {
			isa = PBXGroup;
			children = (
				6BBB1F0726D76E2500648E87 /* SwiftUI_StudyTests.swift */,
				6BBB1F0926D76E2500648E87 /* Info.plist */,
			);
			path = SwiftUI_StudyTests;
			sourceTree = "<group>";
		};
		6BBB1F1126D76E2500648E87 /* SwiftUI_StudyUITests */ = {
			isa = PBXGroup;
			children = (
				6BBB1F1226D76E2500648E87 /* SwiftUI_StudyUITests.swift */,
				6BBB1F1426D76E2500648E87 /* Info.plist */,
			);
			path = SwiftUI_StudyUITests;
			sourceTree = "<group>";
		};
		6BBB1F2126D8707B00648E87 /* Menu */ = {
			isa = PBXGroup;
			children = (
				6BBB1F2326D8709300648E87 /* MenuContentView.swift */,
			);
			path = Menu;
			sourceTree = "<group>";
		};
		6BBB1F2726D8719900648E87 /* SwiftUI_Handbook */ = {
			isa = PBXGroup;
			children = (
				6BBB1F2926D871CD00648E87 /* SwiftUIHandBook.swift */,
			);
			path = SwiftUI_Handbook;
			sourceTree = "<group>";
		};
		6BBB1F2826D871AA00648E87 /* Tutorials */ = {
			isa = PBXGroup;
			children = (
				6BBB1F2726D8719900648E87 /* SwiftUI_Handbook */,
			);
			path = Tutorials;
			sourceTree = "<group>";
		};
		6BDA9E8C26D8CB590065074F /* Resource */ = {
			isa = PBXGroup;
			children = (
				6BDA9E8D26D8CB670065074F /* Open_Sans */,
			);
			path = Resource;
			sourceTree = "<group>";
		};
		6BDA9E8D26D8CB670065074F /* Open_Sans */ = {
			isa = PBXGroup;
			children = (
				6BDA9E8E26D8CB670065074F /* OpenSans-SemiBold.ttf */,
				6BDA9E8F26D8CB670065074F /* OpenSans-Light.ttf */,
				6BDA9E9026D8CB670065074F /* OpenSans-Italic.ttf */,
				6BDA9E9126D8CB670065074F /* OpenSans-ExtraBold.ttf */,
				6BDA9E9226D8CB670065074F /* OpenSans-LightItalic.ttf */,
				6BDA9E9326D8CB670065074F /* OpenSans-Bold.ttf */,
				6BDA9E9426D8CB670065074F /* OpenSans-SemiBoldItalic.ttf */,
				6BDA9E9526D8CB670065074F /* OpenSans-ExtraBoldItalic.ttf */,
				6BDA9E9626D8CB670065074F /* LICENSE.txt */,
				6BDA9E9726D8CB670065074F /* OpenSans-Regular.ttf */,
				6BDA9E9826D8CB670065074F /* OpenSans-BoldItalic.ttf */,
			);
			path = Open_Sans;
			sourceTree = "<group>";
		};
/* End PBXGroup section */

/* Begin PBXNativeTarget section */
		6BBB1EF126D76E2500648E87 /* SwiftUI_Study */ = {
			isa = PBXNativeTarget;
			buildConfigurationList = 6BBB1F1726D76E2500648E87 /* Build configuration list for PBXNativeTarget "SwiftUI_Study" */;
			buildPhases = (
				6BBB1EEE26D76E2500648E87 /* Sources */,
				6BBB1EEF26D76E2500648E87 /* Frameworks */,
				6BBB1EF026D76E2500648E87 /* Resources */,
			);
			buildRules = (
			);
			dependencies = (
			);
			name = SwiftUI_Study;
			productName = SwiftUI_Study;
			productReference = 6BBB1EF226D76E2500648E87 /* SwiftUI_Study.app */;
			productType = "com.apple.product-type.application";
		};
		6BBB1F0226D76E2500648E87 /* SwiftUI_StudyTests */ = {
			isa = PBXNativeTarget;
			buildConfigurationList = 6BBB1F1A26D76E2500648E87 /* Build configuration list for PBXNativeTarget "SwiftUI_StudyTests" */;
			buildPhases = (
				6BBB1EFF26D76E2500648E87 /* Sources */,
				6BBB1F0026D76E2500648E87 /* Frameworks */,
				6BBB1F0126D76E2500648E87 /* Resources */,
			);
			buildRules = (
			);
			dependencies = (
				6BBB1F0526D76E2500648E87 /* PBXTargetDependency */,
			);
			name = SwiftUI_StudyTests;
			productName = SwiftUI_StudyTests;
			productReference = 6BBB1F0326D76E2500648E87 /* SwiftUI_StudyTests.xctest */;
			productType = "com.apple.product-type.bundle.unit-test";
		};
		6BBB1F0D26D76E2500648E87 /* SwiftUI_StudyUITests */ = {
			isa = PBXNativeTarget;
			buildConfigurationList = 6BBB1F1D26D76E2500648E87 /* Build configuration list for PBXNativeTarget "SwiftUI_StudyUITests" */;
			buildPhases = (
				6BBB1F0A26D76E2500648E87 /* Sources */,
				6BBB1F0B26D76E2500648E87 /* Frameworks */,
				6BBB1F0C26D76E2500648E87 /* Resources */,
			);
			buildRules = (
			);
			dependencies = (
				6BBB1F1026D76E2500648E87 /* PBXTargetDependency */,
			);
			name = SwiftUI_StudyUITests;
			productName = SwiftUI_StudyUITests;
			productReference = 6BBB1F0E26D76E2500648E87 /* SwiftUI_StudyUITests.xctest */;
			productType = "com.apple.product-type.bundle.ui-testing";
		};
/* End PBXNativeTarget section */

/* Begin PBXProject section */
		6BBB1EEA26D76E2500648E87 /* Project object */ = {
			isa = PBXProject;
			attributes = {
				LastSwiftUpdateCheck = 1250;
				LastUpgradeCheck = 1250;
				TargetAttributes = {
					6BBB1EF126D76E2500648E87 = {
						CreatedOnToolsVersion = 12.5;
					};
					6BBB1F0226D76E2500648E87 = {
						CreatedOnToolsVersion = 12.5;
						TestTargetID = 6BBB1EF126D76E2500648E87;
					};
					6BBB1F0D26D76E2500648E87 = {
						CreatedOnToolsVersion = 12.5;
						TestTargetID = 6BBB1EF126D76E2500648E87;
					};
				};
			};
			buildConfigurationList = 6BBB1EED26D76E2500648E87 /* Build configuration list for PBXProject "SwiftUI_Study" */;
			compatibilityVersion = "Xcode 9.3";
			developmentRegion = en;
			hasScannedForEncodings = 0;
			knownRegions = (
				en,
				Base,
			);
			mainGroup = 6BBB1EE926D76E2500648E87;
			productRefGroup = 6BBB1EF326D76E2500648E87 /* Products */;
			projectDirPath = "";
			projectRoot = "";
			targets = (
				6BBB1EF126D76E2500648E87 /* SwiftUI_Study */,
				6BBB1F0226D76E2500648E87 /* SwiftUI_StudyTests */,
				6BBB1F0D26D76E2500648E87 /* SwiftUI_StudyUITests */,
			);
		};
/* End PBXProject section */

/* Begin PBXResourcesBuildPhase section */
		6BBB1EF026D76E2500648E87 /* Resources */ = {
			isa = PBXResourcesBuildPhase;
			buildActionMask = 2147483647;
			files = (
				6BDA9EA126D8CB670065074F /* LICENSE.txt in Resources */,
				6BDA9E9F26D8CB670065074F /* OpenSans-SemiBoldItalic.ttf in Resources */,
				6BBB1EFD26D76E2500648E87 /* Preview Assets.xcassets in Resources */,
				6BDA9E9926D8CB670065074F /* OpenSans-SemiBold.ttf in Resources */,
				6BDA9E9E26D8CB670065074F /* OpenSans-Bold.ttf in Resources */,
				6BDA9E9D26D8CB670065074F /* OpenSans-LightItalic.ttf in Resources */,
				6BDA9E9A26D8CB670065074F /* OpenSans-Light.ttf in Resources */,
				6BDA9E9B26D8CB670065074F /* OpenSans-Italic.ttf in Resources */,
				6BDA9EA326D8CB670065074F /* OpenSans-BoldItalic.ttf in Resources */,
				6BDA9EA026D8CB670065074F /* OpenSans-ExtraBoldItalic.ttf in Resources */,
				6B492B8126E1C28900E067B0 /* faqData.json in Resources */,
				6BBB1EFA26D76E2500648E87 /* Assets.xcassets in Resources */,
				6BDA9EA226D8CB670065074F /* OpenSans-Regular.ttf in Resources */,
				6BDA9E9C26D8CB670065074F /* OpenSans-ExtraBold.ttf in Resources */,
			);
			runOnlyForDeploymentPostprocessing = 0;
		};
		6BBB1F0126D76E2500648E87 /* Resources */ = {
			isa = PBXResourcesBuildPhase;
			buildActionMask = 2147483647;
			files = (
			);
			runOnlyForDeploymentPostprocessing = 0;
		};
		6BBB1F0C26D76E2500648E87 /* Resources */ = {
			isa = PBXResourcesBuildPhase;
			buildActionMask = 2147483647;
			files = (
			);
			runOnlyForDeploymentPostprocessing = 0;
		};
/* End PBXResourcesBuildPhase section */

/* Begin PBXSourcesBuildPhase section */
		6BBB1EEE26D76E2500648E87 /* Sources */ = {
			isa = PBXSourcesBuildPhase;
			buildActionMask = 2147483647;
			files = (
				6B492B8C26E1CF5C00E067B0 /* ProfileRow.swift in Sources */,
				6B492B8826E1C7E200E067B0 /* PrimaryButton.swift in Sources */,
				6BBB1EF826D76E2500648E87 /* ContentView.swift in Sources */,
				6B492B8526E1C43700E067B0 /* FAQRow.swift in Sources */,
				6B492B6826E068D500E067B0 /* AccountBackground.swift in Sources */,
				6B492B6C26E0757600E067B0 /* MenuRow.swift in Sources */,
				6BBB1F2A26D871CD00648E87 /* SwiftUIHandBook.swift in Sources */,
				6BBB1EF626D76E2500648E87 /* SwiftUI_StudyApp.swift in Sources */,
				6B492B8A26E1C8BF00E067B0 /* Extensions.swift in Sources */,
				6B492B8326E1C31400E067B0 /* ModelData.swift in Sources */,
				6B492B6726E068D500E067B0 /* VisualEffectBlur.swift in Sources */,
				6BBB1F2426D8709300648E87 /* MenuContentView.swift in Sources */,
				6B492B7226E1B34000E067B0 /* PackagesView.swift in Sources */,
				6B492B7E26E1C24D00E067B0 /* FAQ.swift in Sources */,
				6B492B6E26E076D800E067B0 /* GradientIcon.swift in Sources */,
				6B492B6326E064CF00E067B0 /* CombineView.swift in Sources */,
				6B492B6A26E06EF700E067B0 /* TrackableScrollView.swift in Sources */,
				6B492B7026E1B32B00E067B0 /* FAQView.swift in Sources */,
				6B492B7A26E1B93E00E067B0 /* Package.swift in Sources */,
				6B492B7C26E1BB2900E067B0 /* PackageRow.swift in Sources */,
			);
			runOnlyForDeploymentPostprocessing = 0;
		};
		6BBB1EFF26D76E2500648E87 /* Sources */ = {
			isa = PBXSourcesBuildPhase;
			buildActionMask = 2147483647;
			files = (
				6BBB1F0826D76E2500648E87 /* SwiftUI_StudyTests.swift in Sources */,
			);
			runOnlyForDeploymentPostprocessing = 0;
		};
		6BBB1F0A26D76E2500648E87 /* Sources */ = {
			isa = PBXSourcesBuildPhase;
			buildActionMask = 2147483647;
			files = (
				6BBB1F1326D76E2500648E87 /* SwiftUI_StudyUITests.swift in Sources */,
			);
			runOnlyForDeploymentPostprocessing = 0;
		};
/* End PBXSourcesBuildPhase section */

/* Begin PBXTargetDependency section */
		6BBB1F0526D76E2500648E87 /* PBXTargetDependency */ = {
			isa = PBXTargetDependency;
			target = 6BBB1EF126D76E2500648E87 /* SwiftUI_Study */;
			targetProxy = 6BBB1F0426D76E2500648E87 /* PBXContainerItemProxy */;
		};
		6BBB1F1026D76E2500648E87 /* PBXTargetDependency */ = {
			isa = PBXTargetDependency;
			target = 6BBB1EF126D76E2500648E87 /* SwiftUI_Study */;
			targetProxy = 6BBB1F0F26D76E2500648E87 /* PBXContainerItemProxy */;
		};
/* End PBXTargetDependency section */

/* Begin XCBuildConfiguration section */
		6BBB1F1526D76E2500648E87 /* Debug */ = {
			isa = XCBuildConfiguration;
			buildSettings = {
				ALWAYS_SEARCH_USER_PATHS = NO;
				CLANG_ANALYZER_NONNULL = YES;
				CLANG_ANALYZER_NUMBER_OBJECT_CONVERSION = YES_AGGRESSIVE;
				CLANG_CXX_LANGUAGE_STANDARD = "gnu++14";
				CLANG_CXX_LIBRARY = "libc++";
				CLANG_ENABLE_MODULES = YES;
				CLANG_ENABLE_OBJC_ARC = YES;
				CLANG_ENABLE_OBJC_WEAK = YES;
				CLANG_WARN_BLOCK_CAPTURE_AUTORELEASING = YES;
				CLANG_WARN_BOOL_CONVERSION = YES;
				CLANG_WARN_COMMA = YES;
				CLANG_WARN_CONSTANT_CONVERSION = YES;
				CLANG_WARN_DEPRECATED_OBJC_IMPLEMENTATIONS = YES;
				CLANG_WARN_DIRECT_OBJC_ISA_USAGE = YES_ERROR;
				CLANG_WARN_DOCUMENTATION_COMMENTS = YES;
				CLANG_WARN_EMPTY_BODY = YES;
				CLANG_WARN_ENUM_CONVERSION = YES;
				CLANG_WARN_INFINITE_RECURSION = YES;
				CLANG_WARN_INT_CONVERSION = YES;
				CLANG_WARN_NON_LITERAL_NULL_CONVERSION = YES;
				CLANG_WARN_OBJC_IMPLICIT_RETAIN_SELF = YES;
				CLANG_WARN_OBJC_LITERAL_CONVERSION = YES;
				CLANG_WARN_OBJC_ROOT_CLASS = YES_ERROR;
				CLANG_WARN_QUOTED_INCLUDE_IN_FRAMEWORK_HEADER = YES;
				CLANG_WARN_RANGE_LOOP_ANALYSIS = YES;
				CLANG_WARN_STRICT_PROTOTYPES = YES;
				CLANG_WARN_SUSPICIOUS_MOVE = YES;
				CLANG_WARN_UNGUARDED_AVAILABILITY = YES_AGGRESSIVE;
				CLANG_WARN_UNREACHABLE_CODE = YES;
				CLANG_WARN__DUPLICATE_METHOD_MATCH = YES;
				COPY_PHASE_STRIP = NO;
				DEBUG_INFORMATION_FORMAT = dwarf;
				ENABLE_STRICT_OBJC_MSGSEND = YES;
				ENABLE_TESTABILITY = YES;
				GCC_C_LANGUAGE_STANDARD = gnu11;
				GCC_DYNAMIC_NO_PIC = NO;
				GCC_NO_COMMON_BLOCKS = YES;
				GCC_OPTIMIZATION_LEVEL = 0;
				GCC_PREPROCESSOR_DEFINITIONS = (
					"DEBUG=1",
					"$(inherited)",
				);
				GCC_WARN_64_TO_32_BIT_CONVERSION = YES;
				GCC_WARN_ABOUT_RETURN_TYPE = YES_ERROR;
				GCC_WARN_UNDECLARED_SELECTOR = YES;
				GCC_WARN_UNINITIALIZED_AUTOS = YES_AGGRESSIVE;
				GCC_WARN_UNUSED_FUNCTION = YES;
				GCC_WARN_UNUSED_VARIABLE = YES;
				IPHONEOS_DEPLOYMENT_TARGET = 14.5;
				MTL_ENABLE_DEBUG_INFO = INCLUDE_SOURCE;
				MTL_FAST_MATH = YES;
				ONLY_ACTIVE_ARCH = YES;
				SDKROOT = iphoneos;
				SWIFT_ACTIVE_COMPILATION_CONDITIONS = DEBUG;
				SWIFT_OPTIMIZATION_LEVEL = "-Onone";
			};
			name = Debug;
		};
		6BBB1F1626D76E2500648E87 /* Release */ = {
			isa = XCBuildConfiguration;
			buildSettings = {
				ALWAYS_SEARCH_USER_PATHS = NO;
				CLANG_ANALYZER_NONNULL = YES;
				CLANG_ANALYZER_NUMBER_OBJECT_CONVERSION = YES_AGGRESSIVE;
				CLANG_CXX_LANGUAGE_STANDARD = "gnu++14";
				CLANG_CXX_LIBRARY = "libc++";
				CLANG_ENABLE_MODULES = YES;
				CLANG_ENABLE_OBJC_ARC = YES;
				CLANG_ENABLE_OBJC_WEAK = YES;
				CLANG_WARN_BLOCK_CAPTURE_AUTORELEASING = YES;
				CLANG_WARN_BOOL_CONVERSION = YES;
				CLANG_WARN_COMMA = YES;
				CLANG_WARN_CONSTANT_CONVERSION = YES;
				CLANG_WARN_DEPRECATED_OBJC_IMPLEMENTATIONS = YES;
				CLANG_WARN_DIRECT_OBJC_ISA_USAGE = YES_ERROR;
				CLANG_WARN_DOCUMENTATION_COMMENTS = YES;
				CLANG_WARN_EMPTY_BODY = YES;
				CLANG_WARN_ENUM_CONVERSION = YES;
				CLANG_WARN_INFINITE_RECURSION = YES;
				CLANG_WARN_INT_CONVERSION = YES;
				CLANG_WARN_NON_LITERAL_NULL_CONVERSION = YES;
				CLANG_WARN_OBJC_IMPLICIT_RETAIN_SELF = YES;
				CLANG_WARN_OBJC_LITERAL_CONVERSION = YES;
				CLANG_WARN_OBJC_ROOT_CLASS = YES_ERROR;
				CLANG_WARN_QUOTED_INCLUDE_IN_FRAMEWORK_HEADER = YES;
				CLANG_WARN_RANGE_LOOP_ANALYSIS = YES;
				CLANG_WARN_STRICT_PROTOTYPES = YES;
				CLANG_WARN_SUSPICIOUS_MOVE = YES;
				CLANG_WARN_UNGUARDED_AVAILABILITY = YES_AGGRESSIVE;
				CLANG_WARN_UNREACHABLE_CODE = YES;
				CLANG_WARN__DUPLICATE_METHOD_MATCH = YES;
				COPY_PHASE_STRIP = NO;
				DEBUG_INFORMATION_FORMAT = "dwarf-with-dsym";
				ENABLE_NS_ASSERTIONS = NO;
				ENABLE_STRICT_OBJC_MSGSEND = YES;
				GCC_C_LANGUAGE_STANDARD = gnu11;
				GCC_NO_COMMON_BLOCKS = YES;
				GCC_WARN_64_TO_32_BIT_CONVERSION = YES;
				GCC_WARN_ABOUT_RETURN_TYPE = YES_ERROR;
				GCC_WARN_UNDECLARED_SELECTOR = YES;
				GCC_WARN_UNINITIALIZED_AUTOS = YES_AGGRESSIVE;
				GCC_WARN_UNUSED_FUNCTION = YES;
				GCC_WARN_UNUSED_VARIABLE = YES;
				IPHONEOS_DEPLOYMENT_TARGET = 14.5;
				MTL_ENABLE_DEBUG_INFO = NO;
				MTL_FAST_MATH = YES;
				SDKROOT = iphoneos;
				SWIFT_COMPILATION_MODE = wholemodule;
				SWIFT_OPTIMIZATION_LEVEL = "-O";
				VALIDATE_PRODUCT = YES;
			};
			name = Release;
		};
		6BBB1F1826D76E2500648E87 /* Debug */ = {
			isa = XCBuildConfiguration;
			buildSettings = {
				ASSETCATALOG_COMPILER_APPICON_NAME = AppIcon;
				ASSETCATALOG_COMPILER_GLOBAL_ACCENT_COLOR_NAME = AccentColor;
				CODE_SIGN_STYLE = Automatic;
				DEVELOPMENT_ASSET_PATHS = "\"SwiftUI_Study/Preview Content\"";
				DEVELOPMENT_TEAM = 7836J6Z5N8;
				ENABLE_PREVIEWS = YES;
				INFOPLIST_FILE = SwiftUI_Study/Info.plist;
				IPHONEOS_DEPLOYMENT_TARGET = 14.0;
				LD_RUNPATH_SEARCH_PATHS = (
					"$(inherited)",
					"@executable_path/Frameworks",
				);
				PRODUCT_BUNDLE_IDENTIFIER = "com.Flitto.SwiftUI-Study";
				PRODUCT_NAME = "$(TARGET_NAME)";
				SWIFT_VERSION = 5.0;
				TARGETED_DEVICE_FAMILY = "1,2";
			};
			name = Debug;
		};
		6BBB1F1926D76E2500648E87 /* Release */ = {
			isa = XCBuildConfiguration;
			buildSettings = {
				ASSETCATALOG_COMPILER_APPICON_NAME = AppIcon;
				ASSETCATALOG_COMPILER_GLOBAL_ACCENT_COLOR_NAME = AccentColor;
				CODE_SIGN_STYLE = Automatic;
				DEVELOPMENT_ASSET_PATHS = "\"SwiftUI_Study/Preview Content\"";
				DEVELOPMENT_TEAM = 7836J6Z5N8;
				ENABLE_PREVIEWS = YES;
				INFOPLIST_FILE = SwiftUI_Study/Info.plist;
				IPHONEOS_DEPLOYMENT_TARGET = 14.0;
				LD_RUNPATH_SEARCH_PATHS = (
					"$(inherited)",
					"@executable_path/Frameworks",
				);
				PRODUCT_BUNDLE_IDENTIFIER = "com.Flitto.SwiftUI-Study";
				PRODUCT_NAME = "$(TARGET_NAME)";
				SWIFT_VERSION = 5.0;
				TARGETED_DEVICE_FAMILY = "1,2";
			};
			name = Release;
		};
		6BBB1F1B26D76E2500648E87 /* Debug */ = {
			isa = XCBuildConfiguration;
			buildSettings = {
				ALWAYS_EMBED_SWIFT_STANDARD_LIBRARIES = YES;
				BUNDLE_LOADER = "$(TEST_HOST)";
				CODE_SIGN_STYLE = Automatic;
				DEVELOPMENT_TEAM = 7836J6Z5N8;
				INFOPLIST_FILE = SwiftUI_StudyTests/Info.plist;
				IPHONEOS_DEPLOYMENT_TARGET = 14.0;
				LD_RUNPATH_SEARCH_PATHS = (
					"$(inherited)",
					"@executable_path/Frameworks",
					"@loader_path/Frameworks",
				);
				PRODUCT_BUNDLE_IDENTIFIER = "com.Flitto.SwiftUI-StudyTests";
				PRODUCT_NAME = "$(TARGET_NAME)";
				SWIFT_VERSION = 5.0;
				TARGETED_DEVICE_FAMILY = "1,2";
				TEST_HOST = "$(BUILT_PRODUCTS_DIR)/SwiftUI_Study.app/SwiftUI_Study";
			};
			name = Debug;
		};
		6BBB1F1C26D76E2500648E87 /* Release */ = {
			isa = XCBuildConfiguration;
			buildSettings = {
				ALWAYS_EMBED_SWIFT_STANDARD_LIBRARIES = YES;
				BUNDLE_LOADER = "$(TEST_HOST)";
				CODE_SIGN_STYLE = Automatic;
				DEVELOPMENT_TEAM = 7836J6Z5N8;
				INFOPLIST_FILE = SwiftUI_StudyTests/Info.plist;
				IPHONEOS_DEPLOYMENT_TARGET = 14.0;
				LD_RUNPATH_SEARCH_PATHS = (
					"$(inherited)",
					"@executable_path/Frameworks",
					"@loader_path/Frameworks",
				);
				PRODUCT_BUNDLE_IDENTIFIER = "com.Flitto.SwiftUI-StudyTests";
				PRODUCT_NAME = "$(TARGET_NAME)";
				SWIFT_VERSION = 5.0;
				TARGETED_DEVICE_FAMILY = "1,2";
				TEST_HOST = "$(BUILT_PRODUCTS_DIR)/SwiftUI_Study.app/SwiftUI_Study";
			};
			name = Release;
		};
		6BBB1F1E26D76E2500648E87 /* Debug */ = {
			isa = XCBuildConfiguration;
			buildSettings = {
				ALWAYS_EMBED_SWIFT_STANDARD_LIBRARIES = YES;
				CODE_SIGN_STYLE = Automatic;
				DEVELOPMENT_TEAM = 7836J6Z5N8;
				INFOPLIST_FILE = SwiftUI_StudyUITests/Info.plist;
				LD_RUNPATH_SEARCH_PATHS = (
					"$(inherited)",
					"@executable_path/Frameworks",
					"@loader_path/Frameworks",
				);
				PRODUCT_BUNDLE_IDENTIFIER = "com.Flitto.SwiftUI-StudyUITests";
				PRODUCT_NAME = "$(TARGET_NAME)";
				SWIFT_VERSION = 5.0;
				TARGETED_DEVICE_FAMILY = "1,2";
				TEST_TARGET_NAME = SwiftUI_Study;
			};
			name = Debug;
		};
		6BBB1F1F26D76E2500648E87 /* Release */ = {
			isa = XCBuildConfiguration;
			buildSettings = {
				ALWAYS_EMBED_SWIFT_STANDARD_LIBRARIES = YES;
				CODE_SIGN_STYLE = Automatic;
				DEVELOPMENT_TEAM = 7836J6Z5N8;
				INFOPLIST_FILE = SwiftUI_StudyUITests/Info.plist;
				LD_RUNPATH_SEARCH_PATHS = (
					"$(inherited)",
					"@executable_path/Frameworks",
					"@loader_path/Frameworks",
				);
				PRODUCT_BUNDLE_IDENTIFIER = "com.Flitto.SwiftUI-StudyUITests";
				PRODUCT_NAME = "$(TARGET_NAME)";
				SWIFT_VERSION = 5.0;
				TARGETED_DEVICE_FAMILY = "1,2";
				TEST_TARGET_NAME = SwiftUI_Study;
			};
			name = Release;
		};
/* End XCBuildConfiguration section */

/* Begin XCConfigurationList section */
		6BBB1EED26D76E2500648E87 /* Build configuration list for PBXProject "SwiftUI_Study" */ = {
			isa = XCConfigurationList;
			buildConfigurations = (
				6BBB1F1526D76E2500648E87 /* Debug */,
				6BBB1F1626D76E2500648E87 /* Release */,
			);
			defaultConfigurationIsVisible = 0;
			defaultConfigurationName = Release;
		};
		6BBB1F1726D76E2500648E87 /* Build configuration list for PBXNativeTarget "SwiftUI_Study" */ = {
			isa = XCConfigurationList;
			buildConfigurations = (
				6BBB1F1826D76E2500648E87 /* Debug */,
				6BBB1F1926D76E2500648E87 /* Release */,
			);
			defaultConfigurationIsVisible = 0;
			defaultConfigurationName = Release;
		};
		6BBB1F1A26D76E2500648E87 /* Build configuration list for PBXNativeTarget "SwiftUI_StudyTests" */ = {
			isa = XCConfigurationList;
			buildConfigurations = (
				6BBB1F1B26D76E2500648E87 /* Debug */,
				6BBB1F1C26D76E2500648E87 /* Release */,
			);
			defaultConfigurationIsVisible = 0;
			defaultConfigurationName = Release;
		};
		6BBB1F1D26D76E2500648E87 /* Build configuration list for PBXNativeTarget "SwiftUI_StudyUITests" */ = {
			isa = XCConfigurationList;
			buildConfigurations = (
				6BBB1F1E26D76E2500648E87 /* Debug */,
				6BBB1F1F26D76E2500648E87 /* Release */,
			);
			defaultConfigurationIsVisible = 0;
			defaultConfigurationName = Release;
		};
/* End XCConfigurationList section */
	};
	rootObject = 6BBB1EEA26D76E2500648E87 /* Project object */;
}
